
Microsoft Visual Studio Solution File, Format Version 12.00
# Visual Studio Version 16
VisualStudioVersion = 25.0.1706.7
MinimumVisualStudioVersion = 10.0.40219.1
Project("{FAE04EC0-301F-11D3-BF4B-00C04F79EFBC}") = "LogFSMShared", "LogFSMShared.csproj", "{C0CD078D-8321-446B-A26D-FA4C61E8672F}"
EndProject
Global
	GlobalSection(SolutionConfigurationPlatforms) = preSolution
		Debug|Any CPU = Debug|Any CPU
		Release|Any CPU = Release|Any CPU
		Release TransformToUniversalLogForamt|Any CPU = Release TransformToUniversalLogForamt|Any CPU
	EndGlobalSection
	GlobalSection(ProjectConfigurationPlatforms) = postSolution
		{C0CD078D-8321-446B-A26D-FA4C61E8672F}.Debug|Any CPU.ActiveCfg = Debug|Any CPU
		{C0CD078D-8321-446B-A26D-FA4C61E8672F}.Debug|Any CPU.Build.0 = Debug|Any CPU
		{C0CD078D-8321-446B-A26D-FA4C61E8672F}.Release|Any CPU.ActiveCfg = Release|Any CPU
		{C0CD078D-8321-446B-A26D-FA4C61E8672F}.Release|Any CPU.Build.0 = Release|Any CPU
		{C0CD078D-8321-446B-A26D-FA4C61E8672F}.Release TransformToUniversalLogForamt|Any CPU.ActiveCfg = Release TransformToUniversalLogForamt|Any CPU
		{C0CD078D-8321-446B-A26D-FA4C61E8672F}.Release TransformToUniversalLogForamt|Any CPU.Build.0 = Release TransformToUniversalLogForamt|Any CPU
	EndGlobalSection
	GlobalSection(SolutionProperties) = preSolution
		HideSolutionNode = FALSE
	EndGlobalSection
	GlobalSection(ExtensibilityGlobals) = postSolution
		SolutionGuid = {0068AB24-C5D0-4D98-8B1E-C71AFC555FE3}
	EndGlobalSection
EndGlobal
